
Microsoft Visual Studio Solution File, Format Version 12.00
# Visual Studio Version 17
VisualStudioVersion = 17.1.32328.378
MinimumVisualStudioVersion = 10.0.40219.1
Project("{9A19103F-16F7-4668-BE54-9A1E7A4F7556}") = "APIRest_Terminales", "APIRest_Terminales\APIRest_Terminales.csproj", "{8D37A6B0-060F-4F57-B4DE-6E2D09378ADF}"
EndProject
Global
	GlobalSection(SolutionConfigurationPlatforms) = preSolution
		Debug|Any CPU = Debug|Any CPU
		Release|Any CPU = Release|Any CPU
	EndGlobalSection
	GlobalSection(ProjectConfigurationPlatforms) = postSolution
		{8D37A6B0-060F-4F57-B4DE-6E2D09378ADF}.Debug|Any CPU.ActiveCfg = Debug|Any CPU
		{8D37A6B0-060F-4F57-B4DE-6E2D09378ADF}.Debug|Any CPU.Build.0 = Debug|Any CPU
		{8D37A6B0-060F-4F57-B4DE-6E2D09378ADF}.Release|Any CPU.ActiveCfg = Release|Any CPU
		{8D37A6B0-060F-4F57-B4DE-6E2D09378ADF}.Release|Any CPU.Build.0 = Release|Any CPU
	EndGlobalSection
	GlobalSection(SolutionProperties) = preSolution
		HideSolutionNode = FALSE
	EndGlobalSection
	GlobalSection(ExtensibilityGlobals) = postSolution
		SolutionGuid = {12DC2A3D-B656-4723-A026-5D67F1307537}
	EndGlobalSection
EndGlobal
